
Microsoft Visual Studio Solution File, Format Version 12.00
# Visual Studio 15
VisualStudioVersion = 15.0.28010.2026
MinimumVisualStudioVersion = 10.0.40219.1
Project("{FAE04EC0-301F-11D3-BF4B-00C04F79EFBC}") = "InClassLab5", "InClassLab5\InClassLab5.csproj", "{FBBB3A69-EB8B-498D-A1F6-D77478C62738}"
EndProject
Global
	GlobalSection(SolutionConfigurationPlatforms) = preSolution
		Debug|Any CPU = Debug|Any CPU
		Release|Any CPU = Release|Any CPU
	EndGlobalSection
	GlobalSection(ProjectConfigurationPlatforms) = postSolution
		{FBBB3A69-EB8B-498D-A1F6-D77478C62738}.Debug|Any CPU.ActiveCfg = Debug|Any CPU
		{FBBB3A69-EB8B-498D-A1F6-D77478C62738}.Debug|Any CPU.Build.0 = Debug|Any CPU
		{FBBB3A69-EB8B-498D-A1F6-D77478C62738}.Release|Any CPU.ActiveCfg = Release|Any CPU
		{FBBB3A69-EB8B-498D-A1F6-D77478C62738}.Release|Any CPU.Build.0 = Release|Any CPU
	EndGlobalSection
	GlobalSection(SolutionProperties) = preSolution
		HideSolutionNode = FALSE
	EndGlobalSection
	GlobalSection(ExtensibilityGlobals) = postSolution
		SolutionGuid = {80DD131F-330D-44EC-BCD0-EC6300372C27}
	EndGlobalSection
EndGlobal
